
Microsoft Visual Studio Solution File, Format Version 12.00
Project("{FAE04EC0-301F-11D3-BF4B-00C04F79EFBC}") = "WebAuthenticatorPresentationIssue", "WebAuthenticatorPresentationIssue\WebAuthenticatorPresentationIssue.csproj", "{CE6E2E8A-8C90-4D0F-BFE1-25781F26D598}"
EndProject
Project("{2150E333-8FDC-42A3-9474-1A3956D46DE8}") = "Solution Items", "Solution Items", "{C19A9AF2-94D9-4D7A-A6BF-34FC5022369D}"
	ProjectSection(SolutionItems) = preProject
		global.json = global.json
		README.md = README.md
	EndProjectSection
EndProject
Global
	GlobalSection(SolutionConfigurationPlatforms) = preSolution
		Debug|Any CPU = Debug|Any CPU
		Release|Any CPU = Release|Any CPU
	EndGlobalSection
	GlobalSection(ProjectConfigurationPlatforms) = postSolution
		{CE6E2E8A-8C90-4D0F-BFE1-25781F26D598}.Debug|Any CPU.ActiveCfg = Debug|Any CPU
		{CE6E2E8A-8C90-4D0F-BFE1-25781F26D598}.Debug|Any CPU.Build.0 = Debug|Any CPU
		{CE6E2E8A-8C90-4D0F-BFE1-25781F26D598}.Release|Any CPU.ActiveCfg = Release|Any CPU
		{CE6E2E8A-8C90-4D0F-BFE1-25781F26D598}.Release|Any CPU.Build.0 = Release|Any CPU
	EndGlobalSection
EndGlobal
